
Microsoft Visual Studio Solution File, Format Version 12.00
# Visual Studio 2012
Project("{FAE04EC0-301F-11D3-BF4B-00C04F79EFBC}") = "ChatBot Interfaces", "ChatBot Interfaces\ChatBot Interfaces.csproj", "{48A11BC2-0FE6-465B-85CD-3BAC27C4178E}"
EndProject
Project("{FAE04EC0-301F-11D3-BF4B-00C04F79EFBC}") = "ChatBot UI", "ChatBot UI\ChatBot UI.csproj", "{F3C23850-F727-42CF-ADA2-B24D07B5B5B1}"
EndProject
Global
	GlobalSection(SolutionConfigurationPlatforms) = preSolution
		Debug|Any CPU = Debug|Any CPU
		Release|Any CPU = Release|Any CPU
	EndGlobalSection
	GlobalSection(ProjectConfigurationPlatforms) = postSolution
		{48A11BC2-0FE6-465B-85CD-3BAC27C4178E}.Debug|Any CPU.ActiveCfg = Debug|Any CPU
		{48A11BC2-0FE6-465B-85CD-3BAC27C4178E}.Debug|Any CPU.Build.0 = Debug|Any CPU
		{48A11BC2-0FE6-465B-85CD-3BAC27C4178E}.Release|Any CPU.ActiveCfg = Release|Any CPU
		{48A11BC2-0FE6-465B-85CD-3BAC27C4178E}.Release|Any CPU.Build.0 = Release|Any CPU
		{F3C23850-F727-42CF-ADA2-B24D07B5B5B1}.Debug|Any CPU.ActiveCfg = Debug|Any CPU
		{F3C23850-F727-42CF-ADA2-B24D07B5B5B1}.Debug|Any CPU.Build.0 = Debug|Any CPU
		{F3C23850-F727-42CF-ADA2-B24D07B5B5B1}.Release|Any CPU.ActiveCfg = Release|Any CPU
		{F3C23850-F727-42CF-ADA2-B24D07B5B5B1}.Release|Any CPU.Build.0 = Release|Any CPU
	EndGlobalSection
	GlobalSection(SolutionProperties) = preSolution
		HideSolutionNode = FALSE
	EndGlobalSection
EndGlobal
